// !$*UTF8*$!
{
	archiveVersion = 1;
	classes = {
	};
	objectVersion = 46;
	objects = {

/* Begin PBXBuildFile section */
		6C272E0C1AE023BA000AE2C7 /* main.cpp in Sources */ = {isa = PBXBuildFile; fileRef = 6C272E0B1AE023BA000AE2C7 /* main.cpp */; };
		6C7BA75D1AE0451C0096B289 /* libopencv_calib3d.2.4.10.dylib in Frameworks */ = {isa = PBXBuildFile; fileRef = 6C7BA74B1AE0451B0096B289 /* libopencv_calib3d.2.4.10.dylib */; };
		6C7BA75E1AE0451C0096B289 /* libopencv_contrib.2.4.10.dylib in Frameworks */ = {isa = PBXBuildFile; fileRef = 6C7BA74C1AE0451B0096B289 /* libopencv_contrib.2.4.10.dylib */; };
		6C7BA75F1AE0451C0096B289 /* libopencv_core.2.4.10.dylib in Frameworks */ = {isa = PBXBuildFile; fileRef = 6C7BA74D1AE0451B0096B289 /* libopencv_core.2.4.10.dylib */; };
		6C7BA7601AE0451C0096B289 /* libopencv_features2d.2.4.10.dylib in Frameworks */ = {isa = PBXBuildFile; fileRef = 6C7BA74E1AE0451B0096B289 /* libopencv_features2d.2.4.10.dylib */; };
		6C7BA7611AE0451C0096B289 /* libopencv_flann.2.4.10.dylib in Frameworks */ = {isa = PBXBuildFile; fileRef = 6C7BA74F1AE0451B0096B289 /* libopencv_flann.2.4.10.dylib */; };
		6C7BA7621AE0451C0096B289 /* libopencv_gpu.2.4.10.dylib in Frameworks */ = {isa = PBXBuildFile; fileRef = 6C7BA7501AE0451B0096B289 /* libopencv_gpu.2.4.10.dylib */; };
		6C7BA7631AE0451C0096B289 /* libopencv_highgui.2.4.10.dylib in Frameworks */ = {isa = PBXBuildFile; fileRef = 6C7BA7511AE0451B0096B289 /* libopencv_highgui.2.4.10.dylib */; };
		6C7BA7641AE0451C0096B289 /* libopencv_imgproc.2.4.10.dylib in Frameworks */ = {isa = PBXBuildFile; fileRef = 6C7BA7521AE0451C0096B289 /* libopencv_imgproc.2.4.10.dylib */; };
		6C7BA7651AE0451C0096B289 /* libopencv_legacy.2.4.10.dylib in Frameworks */ = {isa = PBXBuildFile; fileRef = 6C7BA7531AE0451C0096B289 /* libopencv_legacy.2.4.10.dylib */; };
		6C7BA7661AE0451C0096B289 /* libopencv_ml.2.4.10.dylib in Frameworks */ = {isa = PBXBuildFile; fileRef = 6C7BA7541AE0451C0096B289 /* libopencv_ml.2.4.10.dylib */; };
		6C7BA7671AE0451C0096B289 /* libopencv_nonfree.2.4.10.dylib in Frameworks */ = {isa = PBXBuildFile; fileRef = 6C7BA7551AE0451C0096B289 /* libopencv_nonfree.2.4.10.dylib */; };
		6C7BA7681AE0451C0096B289 /* libopencv_objdetect.2.4.10.dylib in Frameworks */ = {isa = PBXBuildFile; fileRef = 6C7BA7561AE0451C0096B289 /* libopencv_objdetect.2.4.10.dylib */; };
		6C7BA7691AE0451C0096B289 /* libopencv_ocl.2.4.10.dylib in Frameworks */ = {isa = PBXBuildFile; fileRef = 6C7BA7571AE0451C0096B289 /* libopencv_ocl.2.4.10.dylib */; };
		6C7BA76A1AE0451C0096B289 /* libopencv_photo.2.4.10.dylib in Frameworks */ = {isa = PBXBuildFile; fileRef = 6C7BA7581AE0451C0096B289 /* libopencv_photo.2.4.10.dylib */; };
		6C7BA76B1AE0451C0096B289 /* libopencv_stitching.2.4.10.dylib in Frameworks */ = {isa = PBXBuildFile; fileRef = 6C7BA7591AE0451C0096B289 /* libopencv_stitching.2.4.10.dylib */; };
		6C7BA76C1AE0451C0096B289 /* libopencv_superres.2.4.10.dylib in Frameworks */ = {isa = PBXBuildFile; fileRef = 6C7BA75A1AE0451C0096B289 /* libopencv_superres.2.4.10.dylib */; };
		6C7BA76D1AE0451C0096B289 /* libopencv_video.2.4.10.dylib in Frameworks */ = {isa = PBXBuildFile; fileRef = 6C7BA75B1AE0451C0096B289 /* libopencv_video.2.4.10.dylib */; };
		6C7BA76E1AE0451C0096B289 /* libopencv_videostab.2.4.10.dylib in Frameworks */ = {isa = PBXBuildFile; fileRef = 6C7BA75C1AE0451C0096B289 /* libopencv_videostab.2.4.10.dylib */; };
		6CF6F9D91AE819480096FD5E /* libfreenect_sync.dylib in Frameworks */ = {isa = PBXBuildFile; fileRef = 6CF6F9D71AE819480096FD5E /* libfreenect_sync.dylib */; };
		6CF6F9DA1AE819480096FD5E /* libfreenect.dylib in Frameworks */ = {isa = PBXBuildFile; fileRef = 6CF6F9D81AE819480096FD5E /* libfreenect.dylib */; };
/* End PBXBuildFile section */

/* Begin PBXCopyFilesBuildPhase section */
		6C272E061AE023BA000AE2C7 /* CopyFiles */ = {
			isa = PBXCopyFilesBuildPhase;
			buildActionMask = 2147483647;
			dstPath = /usr/share/man/man1/;
			dstSubfolderSpec = 0;
			files = (
			);
			runOnlyForDeploymentPostprocessing = 1;
		};
/* End PBXCopyFilesBuildPhase section */

/* Begin PBXFileReference section */
		6C272E081AE023BA000AE2C7 /* MotionDetection */ = {isa = PBXFileReference; explicitFileType = "compiled.mach-o.executable"; includeInIndex = 0; path = MotionDetection; sourceTree = BUILT_PRODUCTS_DIR; };
		6C272E0B1AE023BA000AE2C7 /* main.cpp */ = {isa = PBXFileReference; lastKnownFileType = sourcecode.cpp.cpp; path = main.cpp; sourceTree = "<group>"; };
		6C7BA74B1AE0451B0096B289 /* libopencv_calib3d.2.4.10.dylib */ = {isa = PBXFileReference; lastKnownFileType = "compiled.mach-o.dylib"; name = libopencv_calib3d.2.4.10.dylib; path = ../../../../../usr/local/lib/libopencv_calib3d.2.4.10.dylib; sourceTree = "<group>"; };
		6C7BA74C1AE0451B0096B289 /* libopencv_contrib.2.4.10.dylib */ = {isa = PBXFileReference; lastKnownFileType = "compiled.mach-o.dylib"; name = libopencv_contrib.2.4.10.dylib; path = ../../../../../usr/local/lib/libopencv_contrib.2.4.10.dylib; sourceTree = "<group>"; };
		6C7BA74D1AE0451B0096B289 /* libopencv_core.2.4.10.dylib */ = {isa = PBXFileReference; lastKnownFileType = "compiled.mach-o.dylib"; name = libopencv_core.2.4.10.dylib; path = ../../../../../usr/local/lib/libopencv_core.2.4.10.dylib; sourceTree = "<group>"; };
		6C7BA74E1AE0451B0096B289 /* libopencv_features2d.2.4.10.dylib */ = {isa = PBXFileReference; lastKnownFileType = "compiled.mach-o.dylib"; name = libopencv_features2d.2.4.10.dylib; path = ../../../../../usr/local/lib/libopencv_features2d.2.4.10.dylib; sourceTree = "<group>"; };
		6C7BA74F1AE0451B0096B289 /* libopencv_flann.2.4.10.dylib */ = {isa = PBXFileReference; lastKnownFileType = "compiled.mach-o.dylib"; name = libopencv_flann.2.4.10.dylib; path = ../../../../../usr/local/lib/libopencv_flann.2.4.10.dylib; sourceTree = "<group>"; };
		6C7BA7501AE0451B0096B289 /* libopencv_gpu.2.4.10.dylib */ = {isa = PBXFileReference; lastKnownFileType = "compiled.mach-o.dylib"; name = libopencv_gpu.2.4.10.dylib; path = ../../../../../usr/local/lib/libopencv_gpu.2.4.10.dylib; sourceTree = "<group>"; };
		6C7BA7511AE0451B0096B289 /* libopencv_highgui.2.4.10.dylib */ = {isa = PBXFileReference; lastKnownFileType = "compiled.mach-o.dylib"; name = libopencv_highgui.2.4.10.dylib; path = ../../../../../usr/local/lib/libopencv_highgui.2.4.10.dylib; sourceTree = "<group>"; };
		6C7BA7521AE0451C0096B289 /* libopencv_imgproc.2.4.10.dylib */ = {isa = PBXFileReference; lastKnownFileType = "compiled.mach-o.dylib"; name = libopencv_imgproc.2.4.10.dylib; path = ../../../../../usr/local/lib/libopencv_imgproc.2.4.10.dylib; sourceTree = "<group>"; };
		6C7BA7531AE0451C0096B289 /* libopencv_legacy.2.4.10.dylib */ = {isa = PBXFileReference; lastKnownFileType = "compiled.mach-o.dylib"; name = libopencv_legacy.2.4.10.dylib; path = ../../../../../usr/local/lib/libopencv_legacy.2.4.10.dylib; sourceTree = "<group>"; };
		6C7BA7541AE0451C0096B289 /* libopencv_ml.2.4.10.dylib */ = {isa = PBXFileReference; lastKnownFileType = "compiled.mach-o.dylib"; name = libopencv_ml.2.4.10.dylib; path = ../../../../../usr/local/lib/libopencv_ml.2.4.10.dylib; sourceTree = "<group>"; };
		6C7BA7551AE0451C0096B289 /* libopencv_nonfree.2.4.10.dylib */ = {isa = PBXFileReference; lastKnownFileType = "compiled.mach-o.dylib"; name = libopencv_nonfree.2.4.10.dylib; path = ../../../../../usr/local/lib/libopencv_nonfree.2.4.10.dylib; sourceTree = "<group>"; };
		6C7BA7561AE0451C0096B289 /* libopencv_objdetect.2.4.10.dylib */ = {isa = PBXFileReference; lastKnownFileType = "compiled.mach-o.dylib"; name = libopencv_objdetect.2.4.10.dylib; path = ../../../../../usr/local/lib/libopencv_objdetect.2.4.10.dylib; sourceTree = "<group>"; };
		6C7BA7571AE0451C0096B289 /* libopencv_ocl.2.4.10.dylib */ = {isa = PBXFileReference; lastKnownFileType = "compiled.mach-o.dylib"; name = libopencv_ocl.2.4.10.dylib; path = ../../../../../usr/local/lib/libopencv_ocl.2.4.10.dylib; sourceTree = "<group>"; };
		6C7BA7581AE0451C0096B289 /* libopencv_photo.2.4.10.dylib */ = {isa = PBXFileReference; lastKnownFileType = "compiled.mach-o.dylib"; name = libopencv_photo.2.4.10.dylib; path = ../../../../../usr/local/lib/libopencv_photo.2.4.10.dylib; sourceTree = "<group>"; };
		6C7BA7591AE0451C0096B289 /* libopencv_stitching.2.4.10.dylib */ = {isa = PBXFileReference; lastKnownFileType = "compiled.mach-o.dylib"; name = libopencv_stitching.2.4.10.dylib; path = ../../../../../usr/local/lib/libopencv_stitching.2.4.10.dylib; sourceTree = "<group>"; };
		6C7BA75A1AE0451C0096B289 /* libopencv_superres.2.4.10.dylib */ = {isa = PBXFileReference; lastKnownFileType = "compiled.mach-o.dylib"; name = libopencv_superres.2.4.10.dylib; path = ../../../../../usr/local/lib/libopencv_superres.2.4.10.dylib; sourceTree = "<group>"; };
		6C7BA75B1AE0451C0096B289 /* libopencv_video.2.4.10.dylib */ = {isa = PBXFileReference; lastKnownFileType = "compiled.mach-o.dylib"; name = libopencv_video.2.4.10.dylib; path = ../../../../../usr/local/lib/libopencv_video.2.4.10.dylib; sourceTree = "<group>"; };
		6C7BA75C1AE0451C0096B289 /* libopencv_videostab.2.4.10.dylib */ = {isa = PBXFileReference; lastKnownFileType = "compiled.mach-o.dylib"; name = libopencv_videostab.2.4.10.dylib; path = ../../../../../usr/local/lib/libopencv_videostab.2.4.10.dylib; sourceTree = "<group>"; };
		6CF6F9D71AE819480096FD5E /* libfreenect_sync.dylib */ = {isa = PBXFileReference; lastKnownFileType = "compiled.mach-o.dylib"; name = libfreenect_sync.dylib; path = ../../../../../usr/local/lib/libfreenect_sync.dylib; sourceTree = "<group>"; };
		6CF6F9D81AE819480096FD5E /* libfreenect.dylib */ = {isa = PBXFileReference; lastKnownFileType = "compiled.mach-o.dylib"; name = libfreenect.dylib; path = ../../../../../usr/local/lib/libfreenect.dylib; sourceTree = "<group>"; };
/* End PBXFileReference section */

/* Begin PBXFrameworksBuildPhase section */
		6C272E051AE023BA000AE2C7 /* Frameworks */ = {
			isa = PBXFrameworksBuildPhase;
			buildActionMask = 2147483647;
			files = (
				6C7BA76D1AE0451C0096B289 /* libopencv_video.2.4.10.dylib in Frameworks */,
				6C7BA76A1AE0451C0096B289 /* libopencv_photo.2.4.10.dylib in Frameworks */,
				6C7BA76B1AE0451C0096B289 /* libopencv_stitching.2.4.10.dylib in Frameworks */,
				6C7BA7651AE0451C0096B289 /* libopencv_legacy.2.4.10.dylib in Frameworks */,
				6C7BA7631AE0451C0096B289 /* libopencv_highgui.2.4.10.dylib in Frameworks */,
				6C7BA7661AE0451C0096B289 /* libopencv_ml.2.4.10.dylib in Frameworks */,
				6C7BA7611AE0451C0096B289 /* libopencv_flann.2.4.10.dylib in Frameworks */,
				6CF6F9D91AE819480096FD5E /* libfreenect_sync.dylib in Frameworks */,
				6C7BA7681AE0451C0096B289 /* libopencv_objdetect.2.4.10.dylib in Frameworks */,
				6C7BA75D1AE0451C0096B289 /* libopencv_calib3d.2.4.10.dylib in Frameworks */,
				6C7BA7641AE0451C0096B289 /* libopencv_imgproc.2.4.10.dylib in Frameworks */,
				6C7BA7671AE0451C0096B289 /* libopencv_nonfree.2.4.10.dylib in Frameworks */,
				6C7BA7621AE0451C0096B289 /* libopencv_gpu.2.4.10.dylib in Frameworks */,
				6C7BA75F1AE0451C0096B289 /* libopencv_core.2.4.10.dylib in Frameworks */,
				6C7BA76C1AE0451C0096B289 /* libopencv_superres.2.4.10.dylib in Frameworks */,
				6C7BA7601AE0451C0096B289 /* libopencv_features2d.2.4.10.dylib in Frameworks */,
				6C7BA7691AE0451C0096B289 /* libopencv_ocl.2.4.10.dylib in Frameworks */,
				6C7BA76E1AE0451C0096B289 /* libopencv_videostab.2.4.10.dylib in Frameworks */,
				6CF6F9DA1AE819480096FD5E /* libfreenect.dylib in Frameworks */,
				6C7BA75E1AE0451C0096B289 /* libopencv_contrib.2.4.10.dylib in Frameworks */,
			);
			runOnlyForDeploymentPostprocessing = 0;
		};
/* End PBXFrameworksBuildPhase section */

/* Begin PBXGroup section */
		6C272DFF1AE023BA000AE2C7 = {
			isa = PBXGroup;
			children = (
				6C7BA74B1AE0451B0096B289 /* libopencv_calib3d.2.4.10.dylib */,
				6C7BA74C1AE0451B0096B289 /* libopencv_contrib.2.4.10.dylib */,
				6C7BA74D1AE0451B0096B289 /* libopencv_core.2.4.10.dylib */,
				6C7BA74E1AE0451B0096B289 /* libopencv_features2d.2.4.10.dylib */,
				6C7BA74F1AE0451B0096B289 /* libopencv_flann.2.4.10.dylib */,
				6C7BA7501AE0451B0096B289 /* libopencv_gpu.2.4.10.dylib */,
				6C7BA7511AE0451B0096B289 /* libopencv_highgui.2.4.10.dylib */,
				6C7BA7521AE0451C0096B289 /* libopencv_imgproc.2.4.10.dylib */,
				6C7BA7531AE0451C0096B289 /* libopencv_legacy.2.4.10.dylib */,
				6C7BA7541AE0451C0096B289 /* libopencv_ml.2.4.10.dylib */,
				6C7BA7551AE0451C0096B289 /* libopencv_nonfree.2.4.10.dylib */,
				6C7BA7561AE0451C0096B289 /* libopencv_objdetect.2.4.10.dylib */,
				6C7BA7571AE0451C0096B289 /* libopencv_ocl.2.4.10.dylib */,
				6C7BA7581AE0451C0096B289 /* libopencv_photo.2.4.10.dylib */,
				6C7BA7591AE0451C0096B289 /* libopencv_stitching.2.4.10.dylib */,
				6C7BA75A1AE0451C0096B289 /* libopencv_superres.2.4.10.dylib */,
				6C7BA75B1AE0451C0096B289 /* libopencv_video.2.4.10.dylib */,
				6C7BA75C1AE0451C0096B289 /* libopencv_videostab.2.4.10.dylib */,
				6CF6F9D71AE819480096FD5E /* libfreenect_sync.dylib */,
				6CF6F9D81AE819480096FD5E /* libfreenect.dylib */,
				6C272E0A1AE023BA000AE2C7 /* MotionDetection */,
				6C272E091AE023BA000AE2C7 /* Products */,
			);
			sourceTree = "<group>";
		};
		6C272E091AE023BA000AE2C7 /* Products */ = {
			isa = PBXGroup;
			children = (
				6C272E081AE023BA000AE2C7 /* MotionDetection */,
			);
			name = Products;
			sourceTree = "<group>";
		};
		6C272E0A1AE023BA000AE2C7 /* MotionDetection */ = {
			isa = PBXGroup;
			children = (
				6C272E0B1AE023BA000AE2C7 /* main.cpp */,
			);
			path = MotionDetection;
			sourceTree = "<group>";
		};
/* End PBXGroup section */

/* Begin PBXNativeTarget section */
		6C272E071AE023BA000AE2C7 /* MotionDetection */ = {
			isa = PBXNativeTarget;
			buildConfigurationList = 6C272E0F1AE023BA000AE2C7 /* Build configuration list for PBXNativeTarget "MotionDetection" */;
			buildPhases = (
				6C272E041AE023BA000AE2C7 /* Sources */,
				6C272E051AE023BA000AE2C7 /* Frameworks */,
				6C272E061AE023BA000AE2C7 /* CopyFiles */,
			);
			buildRules = (
			);
			dependencies = (
			);
			name = MotionDetection;
			productName = MotionDetection;
			productReference = 6C272E081AE023BA000AE2C7 /* MotionDetection */;
			productType = "com.apple.product-type.tool";
		};
/* End PBXNativeTarget section */

/* Begin PBXProject section */
		6C272E001AE023BA000AE2C7 /* Project object */ = {
			isa = PBXProject;
			attributes = {
				LastUpgradeCheck = 0630;
				ORGANIZATIONNAME = "Luiza Prata";
				TargetAttributes = {
					6C272E071AE023BA000AE2C7 = {
						CreatedOnToolsVersion = 6.3;
					};
				};
			};
			buildConfigurationList = 6C272E031AE023BA000AE2C7 /* Build configuration list for PBXProject "MotionDetection" */;
			compatibilityVersion = "Xcode 3.2";
			developmentRegion = English;
			hasScannedForEncodings = 0;
			knownRegions = (
				en,
			);
			mainGroup = 6C272DFF1AE023BA000AE2C7;
			productRefGroup = 6C272E091AE023BA000AE2C7 /* Products */;
			projectDirPath = "";
			projectRoot = "";
			targets = (
				6C272E071AE023BA000AE2C7 /* MotionDetection */,
			);
		};
/* End PBXProject section */

/* Begin PBXSourcesBuildPhase section */
		6C272E041AE023BA000AE2C7 /* Sources */ = {
			isa = PBXSourcesBuildPhase;
			buildActionMask = 2147483647;
			files = (
				6C272E0C1AE023BA000AE2C7 /* main.cpp in Sources */,
			);
			runOnlyForDeploymentPostprocessing = 0;
		};
/* End PBXSourcesBuildPhase section */

/* Begin XCBuildConfiguration section */
		6C272E0D1AE023BA000AE2C7 /* Debug */ = {
			isa = XCBuildConfiguration;
			buildSettings = {
				ALWAYS_SEARCH_USER_PATHS = NO;
				CLANG_CXX_LANGUAGE_STANDARD = "gnu++0x";
				CLANG_CXX_LIBRARY = "libc++";
				CLANG_ENABLE_MODULES = YES;
				CLANG_ENABLE_OBJC_ARC = YES;
				CLANG_WARN_BOOL_CONVERSION = YES;
				CLANG_WARN_CONSTANT_CONVERSION = YES;
				CLANG_WARN_DIRECT_OBJC_ISA_USAGE = YES_ERROR;
				CLANG_WARN_EMPTY_BODY = YES;
				CLANG_WARN_ENUM_CONVERSION = YES;
				CLANG_WARN_INT_CONVERSION = YES;
				CLANG_WARN_OBJC_ROOT_CLASS = YES_ERROR;
				CLANG_WARN_UNREACHABLE_CODE = YES;
				CLANG_WARN__DUPLICATE_METHOD_MATCH = YES;
				COPY_PHASE_STRIP = NO;
				DEBUG_INFORMATION_FORMAT = dwarf;
				ENABLE_STRICT_OBJC_MSGSEND = YES;
				GCC_C_LANGUAGE_STANDARD = gnu99;
				GCC_DYNAMIC_NO_PIC = NO;
				GCC_NO_COMMON_BLOCKS = YES;
				GCC_OPTIMIZATION_LEVEL = 0;
				GCC_PREPROCESSOR_DEFINITIONS = (
					"DEBUG=1",
					"$(inherited)",
				);
				GCC_SYMBOLS_PRIVATE_EXTERN = NO;
				GCC_WARN_64_TO_32_BIT_CONVERSION = YES;
				GCC_WARN_ABOUT_RETURN_TYPE = YES_ERROR;
				GCC_WARN_UNDECLARED_SELECTOR = YES;
				GCC_WARN_UNINITIALIZED_AUTOS = YES_AGGRESSIVE;
				GCC_WARN_UNUSED_FUNCTION = YES;
				GCC_WARN_UNUSED_VARIABLE = YES;
				MACOSX_DEPLOYMENT_TARGET = 10.10;
				MTL_ENABLE_DEBUG_INFO = YES;
				ONLY_ACTIVE_ARCH = YES;
				SDKROOT = macosx;
			};
			name = Debug;
		};
		6C272E0E1AE023BA000AE2C7 /* Release */ = {
			isa = XCBuildConfiguration;
			buildSettings = {
				ALWAYS_SEARCH_USER_PATHS = NO;
				CLANG_CXX_LANGUAGE_STANDARD = "gnu++0x";
				CLANG_CXX_LIBRARY = "libc++";
				CLANG_ENABLE_MODULES = YES;
				CLANG_ENABLE_OBJC_ARC = YES;
				CLANG_WARN_BOOL_CONVERSION = YES;
				CLANG_WARN_CONSTANT_CONVERSION = YES;
				CLANG_WARN_DIRECT_OBJC_ISA_USAGE = YES_ERROR;
				CLANG_WARN_EMPTY_BODY = YES;
				CLANG_WARN_ENUM_CONVERSION = YES;
				CLANG_WARN_INT_CONVERSION = YES;
				CLANG_WARN_OBJC_ROOT_CLASS = YES_ERROR;
				CLANG_WARN_UNREACHABLE_CODE = YES;
				CLANG_WARN__DUPLICATE_METHOD_MATCH = YES;
				COPY_PHASE_STRIP = NO;
				DEBUG_INFORMATION_FORMAT = "dwarf-with-dsym";
				ENABLE_NS_ASSERTIONS = NO;
				ENABLE_STRICT_OBJC_MSGSEND = YES;
				GCC_C_LANGUAGE_STANDARD = gnu99;
				GCC_NO_COMMON_BLOCKS = YES;
				GCC_WARN_64_TO_32_BIT_CONVERSION = YES;
				GCC_WARN_ABOUT_RETURN_TYPE = YES_ERROR;
				GCC_WARN_UNDECLARED_SELECTOR = YES;
				GCC_WARN_UNINITIALIZED_AUTOS = YES_AGGRESSIVE;
				GCC_WARN_UNUSED_FUNCTION = YES;
				GCC_WARN_UNUSED_VARIABLE = YES;
				MACOSX_DEPLOYMENT_TARGET = 10.10;
				MTL_ENABLE_DEBUG_INFO = NO;
				SDKROOT = macosx;
			};
			name = Release;
		};
		6C272E101AE023BA000AE2C7 /* Debug */ = {
			isa = XCBuildConfiguration;
			buildSettings = {
				ALWAYS_SEARCH_USER_PATHS = YES;
				FRAMEWORK_SEARCH_PATHS = "";
				HEADER_SEARCH_PATHS = (
					"/usr/local/include/libusb-1.0",
					/usr/local/include,
					"$(inherited)",
					/Applications/Xcode.app/Contents/Developer/Toolchains/XcodeDefault.xctoolchain/usr/include,
				);
				LIBRARY_SEARCH_PATHS = /usr/local/lib;
				"PRELINK_LIBS[arch=*]" = "";
				PRODUCT_NAME = "$(TARGET_NAME)";
			};
			name = Debug;
		};
		6C272E111AE023BA000AE2C7 /* Release */ = {
			isa = XCBuildConfiguration;
			buildSettings = {
				ALWAYS_SEARCH_USER_PATHS = YES;
				FRAMEWORK_SEARCH_PATHS = "";
				HEADER_SEARCH_PATHS = (
					"/usr/local/include/libusb-1.0",
					/usr/local/include,
					"$(inherited)",
					/Applications/Xcode.app/Contents/Developer/Toolchains/XcodeDefault.xctoolchain/usr/include,
				);
				LIBRARY_SEARCH_PATHS = /usr/local/lib;
				PRODUCT_NAME = "$(TARGET_NAME)";
			};
			name = Release;
		};
/* End XCBuildConfiguration section */

/* Begin XCConfigurationList section */
		6C272E031AE023BA000AE2C7 /* Build configuration list for PBXProject "MotionDetection" */ = {
			isa = XCConfigurationList;
			buildConfigurations = (
				6C272E0D1AE023BA000AE2C7 /* Debug */,
				6C272E0E1AE023BA000AE2C7 /* Release */,
			);
			defaultConfigurationIsVisible = 0;
			defaultConfigurationName = Release;
		};
		6C272E0F1AE023BA000AE2C7 /* Build configuration list for PBXNativeTarget "MotionDetection" */ = {
			isa = XCConfigurationList;
			buildConfigurations = (
				6C272E101AE023BA000AE2C7 /* Debug */,
				6C272E111AE023BA000AE2C7 /* Release */,
			);
			defaultConfigurationIsVisible = 0;
			defaultConfigurationName = Release;
		};
/* End XCConfigurationList section */
	};
	rootObject = 6C272E001AE023BA000AE2C7 /* Project object */;
}
